
Microsoft Visual Studio Solution File, Format Version 12.00
# Visual Studio Version 17
VisualStudioVersion = 17.3.32714.290
MinimumVisualStudioVersion = 10.0.40219.1
Project("{9A19103F-16F7-4668-BE54-9A1E7A4F7556}") = "Server", "Server\Server.csproj", "{324D2E41-AF1E-46EC-953C-0BDC8A8E7292}"
EndProject
Project("{9A19103F-16F7-4668-BE54-9A1E7A4F7556}") = "Client", "Client\Client.csproj", "{60671F17-1733-4A75-8B3F-8D668DDCED3D}"
EndProject
Project("{9A19103F-16F7-4668-BE54-9A1E7A4F7556}") = "Services", "Services\Services.csproj", "{027BBEA0-FC9C-4C2E-88CD-90AB20A31261}"
EndProject
Project("{9A19103F-16F7-4668-BE54-9A1E7A4F7556}") = "Shared", "Shared\Shared.csproj", "{477E3782-D6CB-4F8A-B56F-3FD0A773216C}"
EndProject
Project("{2150E333-8FDC-42A3-9474-1A3956D46DE8}") = "Solution Items", "Solution Items", "{8EC462FD-D22E-90A8-E5CE-7E832BA40C5D}"
	ProjectSection(SolutionItems) = preProject
		docker-compose-local.yml = docker-compose-local.yml
		NuGet.Config = NuGet.Config
	EndProjectSection
EndProject
Global
	GlobalSection(SolutionConfigurationPlatforms) = preSolution
		Debug|Any CPU = Debug|Any CPU
		Release|Any CPU = Release|Any CPU
	EndGlobalSection
	GlobalSection(ProjectConfigurationPlatforms) = postSolution
		{324D2E41-AF1E-46EC-953C-0BDC8A8E7292}.Debug|Any CPU.ActiveCfg = Debug|Any CPU
		{324D2E41-AF1E-46EC-953C-0BDC8A8E7292}.Debug|Any CPU.Build.0 = Debug|Any CPU
		{324D2E41-AF1E-46EC-953C-0BDC8A8E7292}.Release|Any CPU.ActiveCfg = Release|Any CPU
		{324D2E41-AF1E-46EC-953C-0BDC8A8E7292}.Release|Any CPU.Build.0 = Release|Any CPU
		{60671F17-1733-4A75-8B3F-8D668DDCED3D}.Debug|Any CPU.ActiveCfg = Debug|Any CPU
		{60671F17-1733-4A75-8B3F-8D668DDCED3D}.Debug|Any CPU.Build.0 = Debug|Any CPU
		{60671F17-1733-4A75-8B3F-8D668DDCED3D}.Release|Any CPU.ActiveCfg = Release|Any CPU
		{60671F17-1733-4A75-8B3F-8D668DDCED3D}.Release|Any CPU.Build.0 = Release|Any CPU
		{027BBEA0-FC9C-4C2E-88CD-90AB20A31261}.Debug|Any CPU.ActiveCfg = Debug|Any CPU
		{027BBEA0-FC9C-4C2E-88CD-90AB20A31261}.Debug|Any CPU.Build.0 = Debug|Any CPU
		{027BBEA0-FC9C-4C2E-88CD-90AB20A31261}.Release|Any CPU.ActiveCfg = Release|Any CPU
		{027BBEA0-FC9C-4C2E-88CD-90AB20A31261}.Release|Any CPU.Build.0 = Release|Any CPU
		{477E3782-D6CB-4F8A-B56F-3FD0A773216C}.Debug|Any CPU.ActiveCfg = Debug|Any CPU
		{477E3782-D6CB-4F8A-B56F-3FD0A773216C}.Debug|Any CPU.Build.0 = Debug|Any CPU
		{477E3782-D6CB-4F8A-B56F-3FD0A773216C}.Release|Any CPU.ActiveCfg = Release|Any CPU
		{477E3782-D6CB-4F8A-B56F-3FD0A773216C}.Release|Any CPU.Build.0 = Release|Any CPU
	EndGlobalSection
	GlobalSection(SolutionProperties) = preSolution
		HideSolutionNode = FALSE
	EndGlobalSection
	GlobalSection(ExtensibilityGlobals) = postSolution
		SolutionGuid = {1297C66D-0D27-4D6D-9B74-F257C822FDDB}
		RESX_CodeReferences = {"Items":[{"Expression":"\\W($File.$Key)\\W","Extensions":".cs,.xaml,.cshtml,.razor","IsCaseSensitive":true,"SingleLineComment":"\/\/"},{"Expression":"\\W($File.$Key)\\W","Extensions":".vbhtml","IsCaseSensitive":false,"SingleLineComment":null},{"Expression":"ResourceManager.GetString\\(\"($Key)\"\\)","Extensions":".cs","IsCaseSensitive":true,"SingleLineComment":"\/\/"},{"Expression":"typeof\\((\\w+\\.)*($File)\\).+\"($Key)\"|\"($Key)\".+typeof\\((\\w+\\.)*($File)\\)","Extensions":".cs","IsCaseSensitive":true,"SingleLineComment":"\/\/"},{"Expression":"\\W($Key)\\W","Extensions":".vb","IsCaseSensitive":false,"SingleLineComment":"'"},{"Expression":"\\W($File::$Key)\\W","Extensions":".cpp,.c,.hxx,.h","IsCaseSensitive":true,"SingleLineComment":"\/\/"},{"Expression":"&lt;%\\$\\s+Resources:\\s*($File)\\s*,\\s*($Key)\\s*%&gt;","Extensions":".aspx,.ascx,.master","IsCaseSensitive":true,"SingleLineComment":null},{"Expression":"StringResourceKey\\.($Key)","Extensions":".cs","IsCaseSensitive":true,"SingleLineComment":"\/\/"},{"Expression":"\\.($Key)","Extensions":".ts,.html","IsCaseSensitive":true,"SingleLineComment":"\/\/"}]}
		RESX_NeutralResourcesLanguage = en-UM
		RESX_AutoCreateNewLanguageFiles = False
		RESX_ConfirmAddLanguageFile = False
		RESX_MoveToResources = {"Items":[{"Extensions":".cs,.vb","Patterns":"$Namespace.$File.$Key|$File.$Key|StringResourceKey.$Key|$Namespace.StringResourceKey.$Key|nameof($File.$Key), ResourceType = typeof($File)|ErrorMessageResourceType = typeof($File), ErrorMessageResourceName = nameof($File.$Key)"},{"Extensions":".cshtml,.vbhtml,.razor","Patterns":"@$Namespace.$File.$Key|@$File.$Key|@StringResourceKey.$Key|@$Namespace.StringResourceKey.$Key"},{"Extensions":".cpp,.c,.hxx,.h","Patterns":"$File::$Key"},{"Extensions":".aspx,.ascx","Patterns":"<%$ Resources:$File,$Key %>|<%= $File.$Key %>|<%= $Namespace.$File.$Key %>"},{"Extensions":".xaml","Patterns":"\"{x:Static properties:$File.$Key}\""},{"Extensions":".ts","Patterns":"resources.$Key"},{"Extensions":".html","Patterns":"{{ resources.$Key }}"}]}
	EndGlobalSection
EndGlobal
